
Microsoft Visual Studio Solution File, Format Version 12.00
Project("{FAE04EC0-301F-11D3-BF4B-00C04F79EFBC}") = "Test1", "Test1\Test1.csproj", "{771F2E5B-9879-431C-88C1-53DE435FCF0B}"
EndProject
Global
	GlobalSection(SolutionConfigurationPlatforms) = preSolution
		Debug|Any CPU = Debug|Any CPU
		Release|Any CPU = Release|Any CPU
	EndGlobalSection
	GlobalSection(ProjectConfigurationPlatforms) = postSolution
		{771F2E5B-9879-431C-88C1-53DE435FCF0B}.Debug|Any CPU.ActiveCfg = Debug|Any CPU
		{771F2E5B-9879-431C-88C1-53DE435FCF0B}.Debug|Any CPU.Build.0 = Debug|Any CPU
		{771F2E5B-9879-431C-88C1-53DE435FCF0B}.Release|Any CPU.ActiveCfg = Release|Any CPU
		{771F2E5B-9879-431C-88C1-53DE435FCF0B}.Release|Any CPU.Build.0 = Release|Any CPU
	EndGlobalSection
EndGlobal
